
Microsoft Visual Studio Solution File, Format Version 12.00
# Visual Studio 15
VisualStudioVersion = 15.0.27004.2006
MinimumVisualStudioVersion = 10.0.40219.1
Project("{FAE04EC0-301F-11D3-BF4B-00C04F79EFBC}") = "ApplicationRequestIt", "ApplicationRequestIt\ApplicationRequestIt.csproj", "{5FFB20E2-95FD-45A7-A919-9179AA53FA56}"
EndProject
Global
	GlobalSection(SolutionConfigurationPlatforms) = preSolution
		Debug|Any CPU = Debug|Any CPU
		Release|Any CPU = Release|Any CPU
	EndGlobalSection
	GlobalSection(ProjectConfigurationPlatforms) = postSolution
		{5FFB20E2-95FD-45A7-A919-9179AA53FA56}.Debug|Any CPU.ActiveCfg = Debug|Any CPU
		{5FFB20E2-95FD-45A7-A919-9179AA53FA56}.Debug|Any CPU.Build.0 = Debug|Any CPU
		{5FFB20E2-95FD-45A7-A919-9179AA53FA56}.Release|Any CPU.ActiveCfg = Release|Any CPU
		{5FFB20E2-95FD-45A7-A919-9179AA53FA56}.Release|Any CPU.Build.0 = Release|Any CPU
	EndGlobalSection
	GlobalSection(SolutionProperties) = preSolution
		HideSolutionNode = FALSE
	EndGlobalSection
	GlobalSection(ExtensibilityGlobals) = postSolution
		SolutionGuid = {6B65A53A-530E-435C-AFC4-A7DEBAB62AD6}
	EndGlobalSection
EndGlobal
